
Microsoft Visual Studio Solution File, Format Version 12.00
# Visual Studio Version 17
VisualStudioVersion = 17.8.34525.116
MinimumVisualStudioVersion = 10.0.40219.1
Project("{FAE04EC0-301F-11D3-BF4B-00C04F79EFBC}") = "LearningFiltersShoppingDemo.MVC", "LearningFiltersShoppingDemo.MVC\LearningFiltersShoppingDemo.MVC.csproj", "{DC4BAA4D-090B-41FD-982C-B7B4A9E430DA}"
EndProject
Global
	GlobalSection(SolutionConfigurationPlatforms) = preSolution
		Debug|Any CPU = Debug|Any CPU
		Release|Any CPU = Release|Any CPU
	EndGlobalSection
	GlobalSection(ProjectConfigurationPlatforms) = postSolution
		{DC4BAA4D-090B-41FD-982C-B7B4A9E430DA}.Debug|Any CPU.ActiveCfg = Debug|Any CPU
		{DC4BAA4D-090B-41FD-982C-B7B4A9E430DA}.Debug|Any CPU.Build.0 = Debug|Any CPU
		{DC4BAA4D-090B-41FD-982C-B7B4A9E430DA}.Release|Any CPU.ActiveCfg = Release|Any CPU
		{DC4BAA4D-090B-41FD-982C-B7B4A9E430DA}.Release|Any CPU.Build.0 = Release|Any CPU
	EndGlobalSection
	GlobalSection(SolutionProperties) = preSolution
		HideSolutionNode = FALSE
	EndGlobalSection
	GlobalSection(ExtensibilityGlobals) = postSolution
		SolutionGuid = {1FE3DE3D-E6B5-466F-B8D5-F27170054FA3}
	EndGlobalSection
EndGlobal
